
Microsoft Visual Studio Solution File, Format Version 12.00
# Visual Studio Version 16
VisualStudioVersion = 16.0.31402.337
MinimumVisualStudioVersion = 10.0.40219.1
Project("{9A19103F-16F7-4668-BE54-9A1E7A4F7556}") = "Conversion", "Conversion\Conversion.csproj", "{42897CF7-9015-41C4-BB95-C517910E159C}"
EndProject
Project("{FAE04EC0-301F-11D3-BF4B-00C04F79EFBC}") = "Conversion.Tests", "Conversion.Tests\Conversion.Tests.csproj", "{464A0D29-4963-4EC9-80D7-BF7D3E73780D}"
EndProject
Global
	GlobalSection(SolutionConfigurationPlatforms) = preSolution
		Debug|Any CPU = Debug|Any CPU
		Release|Any CPU = Release|Any CPU
	EndGlobalSection
	GlobalSection(ProjectConfigurationPlatforms) = postSolution
		{42897CF7-9015-41C4-BB95-C517910E159C}.Debug|Any CPU.ActiveCfg = Debug|Any CPU
		{42897CF7-9015-41C4-BB95-C517910E159C}.Debug|Any CPU.Build.0 = Debug|Any CPU
		{42897CF7-9015-41C4-BB95-C517910E159C}.Release|Any CPU.ActiveCfg = Release|Any CPU
		{42897CF7-9015-41C4-BB95-C517910E159C}.Release|Any CPU.Build.0 = Release|Any CPU
		{464A0D29-4963-4EC9-80D7-BF7D3E73780D}.Debug|Any CPU.ActiveCfg = Debug|Any CPU
		{464A0D29-4963-4EC9-80D7-BF7D3E73780D}.Debug|Any CPU.Build.0 = Debug|Any CPU
		{464A0D29-4963-4EC9-80D7-BF7D3E73780D}.Release|Any CPU.ActiveCfg = Release|Any CPU
		{464A0D29-4963-4EC9-80D7-BF7D3E73780D}.Release|Any CPU.Build.0 = Release|Any CPU
	EndGlobalSection
	GlobalSection(SolutionProperties) = preSolution
		HideSolutionNode = FALSE
	EndGlobalSection
	GlobalSection(ExtensibilityGlobals) = postSolution
		SolutionGuid = {91D79854-91DE-4A48-AAB4-F15A8F038A56}
	EndGlobalSection
EndGlobal
